
Microsoft Visual Studio Solution File, Format Version 12.00
# Visual Studio 15
VisualStudioVersion = 15.0.28307.421
MinimumVisualStudioVersion = 10.0.40219.1
Project("{FAE04EC0-301F-11D3-BF4B-00C04F79EFBC}") = "Accademy.Console", "Accademy.Console\Accademy.Console.csproj", "{9F6EC2E6-EDAE-4272-9962-38A6C8D6FD89}"
EndProject
Project("{FAE04EC0-301F-11D3-BF4B-00C04F79EFBC}") = "Accademy.Framework.Web", "Accademy.Framework.Web\Accademy.Framework.Web.csproj", "{59F27255-EFA1-486C-9E47-E5A5AA5B4D5A}"
EndProject
Project("{FAE04EC0-301F-11D3-BF4B-00C04F79EFBC}") = "Accademy.Data", "Accademy.Data\Accademy.Data.csproj", "{74B6BE56-135A-4D35-95A1-60657891DD12}"
EndProject
Project("{FAE04EC0-301F-11D3-BF4B-00C04F79EFBC}") = "Accademy.Models", "Accademy.Models\Accademy.Models.csproj", "{A5D652FD-3DED-4222-BF97-BAD889401EFD}"
EndProject
Project("{FAE04EC0-301F-11D3-BF4B-00C04F79EFBC}") = "Accademy.Factories", "Accademy.Factories\Accademy.Factories.csproj", "{AFFEE55B-5ED8-4155-B8D3-F2958E0968F0}"
EndProject
Global
	GlobalSection(SolutionConfigurationPlatforms) = preSolution
		Debug|Any CPU = Debug|Any CPU
		Release|Any CPU = Release|Any CPU
	EndGlobalSection
	GlobalSection(ProjectConfigurationPlatforms) = postSolution
		{9F6EC2E6-EDAE-4272-9962-38A6C8D6FD89}.Debug|Any CPU.ActiveCfg = Debug|Any CPU
		{9F6EC2E6-EDAE-4272-9962-38A6C8D6FD89}.Debug|Any CPU.Build.0 = Debug|Any CPU
		{9F6EC2E6-EDAE-4272-9962-38A6C8D6FD89}.Release|Any CPU.ActiveCfg = Release|Any CPU
		{9F6EC2E6-EDAE-4272-9962-38A6C8D6FD89}.Release|Any CPU.Build.0 = Release|Any CPU
		{59F27255-EFA1-486C-9E47-E5A5AA5B4D5A}.Debug|Any CPU.ActiveCfg = Debug|Any CPU
		{59F27255-EFA1-486C-9E47-E5A5AA5B4D5A}.Debug|Any CPU.Build.0 = Debug|Any CPU
		{59F27255-EFA1-486C-9E47-E5A5AA5B4D5A}.Release|Any CPU.ActiveCfg = Release|Any CPU
		{59F27255-EFA1-486C-9E47-E5A5AA5B4D5A}.Release|Any CPU.Build.0 = Release|Any CPU
		{74B6BE56-135A-4D35-95A1-60657891DD12}.Debug|Any CPU.ActiveCfg = Debug|Any CPU
		{74B6BE56-135A-4D35-95A1-60657891DD12}.Debug|Any CPU.Build.0 = Debug|Any CPU
		{74B6BE56-135A-4D35-95A1-60657891DD12}.Release|Any CPU.ActiveCfg = Release|Any CPU
		{74B6BE56-135A-4D35-95A1-60657891DD12}.Release|Any CPU.Build.0 = Release|Any CPU
		{A5D652FD-3DED-4222-BF97-BAD889401EFD}.Debug|Any CPU.ActiveCfg = Debug|Any CPU
		{A5D652FD-3DED-4222-BF97-BAD889401EFD}.Debug|Any CPU.Build.0 = Debug|Any CPU
		{A5D652FD-3DED-4222-BF97-BAD889401EFD}.Release|Any CPU.ActiveCfg = Release|Any CPU
		{A5D652FD-3DED-4222-BF97-BAD889401EFD}.Release|Any CPU.Build.0 = Release|Any CPU
		{AFFEE55B-5ED8-4155-B8D3-F2958E0968F0}.Debug|Any CPU.ActiveCfg = Debug|Any CPU
		{AFFEE55B-5ED8-4155-B8D3-F2958E0968F0}.Debug|Any CPU.Build.0 = Debug|Any CPU
		{AFFEE55B-5ED8-4155-B8D3-F2958E0968F0}.Release|Any CPU.ActiveCfg = Release|Any CPU
		{AFFEE55B-5ED8-4155-B8D3-F2958E0968F0}.Release|Any CPU.Build.0 = Release|Any CPU
	EndGlobalSection
	GlobalSection(SolutionProperties) = preSolution
		HideSolutionNode = FALSE
	EndGlobalSection
	GlobalSection(ExtensibilityGlobals) = postSolution
		SolutionGuid = {4F085CA7-D14E-45E9-9634-708B826D6CD1}
	EndGlobalSection
EndGlobal
